{
  "version": "5",
  "specifiers": {
    "jsr:@deno/installer-shell-setup@*": "0.3.4"
  },
  "jsr": {
    "@deno/installer-shell-setup@0.3.4": {
      "integrity": "48665d1a737d487cce6874bc97bba70a5aeffa7053aca3f60df93c6fab8963b4"
    }
  },
  "workspace": {
    "packageJson": {
      "dependencies": [
        "npm:@axe-core/playwright@^4.9.0",
        "npm:@google-cloud/storage@^7.21.0",
        "npm:@playwright/test@^1.46.0",
        "npm:@react-pdf/renderer@^4.5.1",
        "npm:@supabase/supabase-js@^2.45.0",
        "npm:@tanstack/react-query-devtools@^5.56.0",
        "npm:@tanstack/react-query@^5.56.0",
        "npm:@testing-library/jest-dom@^6.5.0",
        "npm:@testing-library/react@16",
        "npm:@tiptap/extension-placeholder@^3.27.1",
        "npm:@tiptap/markdown@^3.27.1",
        "npm:@tiptap/pm@^3.27.1",
        "npm:@tiptap/react@^3.27.1",
        "npm:@tiptap/starter-kit@^3.27.1",
        "npm:@types/dompurify@^3.0.5",
        "npm:@types/node@^25.9.2",
        "npm:@types/react-dom@^18.3.0",
        "npm:@types/react@^18.3.3",
        "npm:@typescript-eslint/eslint-plugin@8",
        "npm:@typescript-eslint/parser@8",
        "npm:@vitejs/plugin-react@^4.3.0",
        "npm:@vitest/coverage-v8@^2.0.5",
        "npm:autoprefixer@^10.4.20",
        "npm:dompurify@^3.1.0",
        "npm:eslint-plugin-react-hooks@^5.1.0",
        "npm:eslint-plugin-react-refresh@~0.4.9",
        "npm:eslint@^9.9.0",
        "npm:firebase-admin@^14.2.0",
        "npm:firebase@^12.17.1",
        "npm:jsdom@^29.1.1",
        "npm:pg@^8.21.0",
        "npm:postcss@^8.4.41",
        "npm:prettier-plugin-tailwindcss@~0.6.5",
        "npm:prettier@^3.3.3",
        "npm:react-dom@^18.3.1",
        "npm:react-router-dom@^6.26.0",
        "npm:react@^18.3.1",
        "npm:stripe@^22.3.2",
        "npm:tailwindcss@^3.4.10",
        "npm:typescript@^5.5.4",
        "npm:vite-plugin-pwa@~0.20.1",
        "npm:vite@^5.4.0",
        "npm:vitest@^2.0.5",
        "npm:workbox-window@^7.1.0",
        "npm:zod@^3.23.0",
        "npm:zustand@^4.5.0"
      ]
    }
  }
}
